{
  "nodes": {
    "flake-utils": {
      "locked": {
        "lastModified": 1653893745,
        "narHash": "sha256-0jntwV3Z8//YwuOjzhV2sgJJPt+HY6KhU7VZUL0fKZQ=",
        "owner": "numtide",
        "repo": "flake-utils",
        "rev": "1ed9fb1935d260de5fe1c2f7ee0ebaae17ed2fa1",
        "type": "github"
      },
      "original": {
        "owner": "numtide",
        "repo": "flake-utils",
        "type": "github"
      }
    },
    "gobin": {
      "inputs": {
        "nixpkgs": [
          "nixpkgs"
        ]
      },
      "locked": {
        "lastModified": 1652111277,
        "narHash": "sha256-jxl+fhzykhPP708r+WMotsg8Bjti9fpRoh4KiwPJ7XM=",
        "owner": "sagikazarmark",
        "repo": "go-bin-flake",
        "rev": "7520b0da6c41e9d698ff5b408688de426c0218ea",
        "type": "github"
      },
      "original": {
        "owner": "sagikazarmark",
        "repo": "go-bin-flake",
        "type": "github"
      }
    },
    "goflake": {
      "inputs": {
        "nixpkgs": [
          "nixpkgs"
        ]
      },
      "locked": {
        "lastModified": 1655154025,
        "narHash": "sha256-2CI379dRvr1rJbkdHGzjrp+WqhdARbZlzinRecuSUrY=",
        "owner": "sagikazarmark",
        "repo": "go-flake",
        "rev": "1ec7a1219b4b6698bc7b8f3263761c23c66d520a",
        "type": "github"
      },
      "original": {
        "owner": "sagikazarmark",
        "repo": "go-flake",
        "type": "github"
      }
    },
    "nixpkgs": {
      "locked": {
        "lastModified": 1655221618,
        "narHash": "sha256-ht8HRFthDKzYt+il+sGgkBwrv+Ex2l8jdGVpsrPfFME=",
        "owner": "NixOS",
        "repo": "nixpkgs",
        "rev": "6616de389ed55fba6eeba60377fc04732d5a207c",
        "type": "github"
      },
      "original": {
        "id": "nixpkgs",
        "ref": "nixos-unstable",
        "type": "indirect"
      }
    },
    "root": {
      "inputs": {
        "flake-utils": "flake-utils",
        "gobin": "gobin",
        "goflake": "goflake",
        "nixpkgs": "nixpkgs"
      }
    }
  },
  "root": "root",
  "version": 7
}
